
Microsoft Visual Studio Solution File, Format Version 12.00
# Visual Studio Version 17
VisualStudioVersion = 17.10.34928.147
MinimumVisualStudioVersion = 10.0.40219.1
Project("{FAE04EC0-301F-11D3-BF4B-00C04F79EFBC}") = "API", "API\API.csproj", "{CF3B6CDF-2431-42B3-AF82-3BB863C316A1}"
EndProject
Project("{FAE04EC0-301F-11D3-BF4B-00C04F79EFBC}") = "BLL", "BLL\BLL.csproj", "{85AB49B1-5E3F-4763-9312-9A7CE800B67D}"
EndProject
Project("{FAE04EC0-301F-11D3-BF4B-00C04F79EFBC}") = "DAL", "DAL\DAL.csproj", "{C6F69FBC-63E7-4968-8406-15B7C69CF038}"
EndProject
Global
	GlobalSection(SolutionConfigurationPlatforms) = preSolution
		Debug|Any CPU = Debug|Any CPU
		Release|Any CPU = Release|Any CPU
	EndGlobalSection
	GlobalSection(ProjectConfigurationPlatforms) = postSolution
		{CF3B6CDF-2431-42B3-AF82-3BB863C316A1}.Debug|Any CPU.ActiveCfg = Debug|Any CPU
		{CF3B6CDF-2431-42B3-AF82-3BB863C316A1}.Debug|Any CPU.Build.0 = Debug|Any CPU
		{CF3B6CDF-2431-42B3-AF82-3BB863C316A1}.Release|Any CPU.ActiveCfg = Release|Any CPU
		{CF3B6CDF-2431-42B3-AF82-3BB863C316A1}.Release|Any CPU.Build.0 = Release|Any CPU
		{85AB49B1-5E3F-4763-9312-9A7CE800B67D}.Debug|Any CPU.ActiveCfg = Debug|Any CPU
		{85AB49B1-5E3F-4763-9312-9A7CE800B67D}.Debug|Any CPU.Build.0 = Debug|Any CPU
		{85AB49B1-5E3F-4763-9312-9A7CE800B67D}.Release|Any CPU.ActiveCfg = Release|Any CPU
		{85AB49B1-5E3F-4763-9312-9A7CE800B67D}.Release|Any CPU.Build.0 = Release|Any CPU
		{C6F69FBC-63E7-4968-8406-15B7C69CF038}.Debug|Any CPU.ActiveCfg = Debug|Any CPU
		{C6F69FBC-63E7-4968-8406-15B7C69CF038}.Debug|Any CPU.Build.0 = Debug|Any CPU
		{C6F69FBC-63E7-4968-8406-15B7C69CF038}.Release|Any CPU.ActiveCfg = Release|Any CPU
		{C6F69FBC-63E7-4968-8406-15B7C69CF038}.Release|Any CPU.Build.0 = Release|Any CPU
	EndGlobalSection
	GlobalSection(SolutionProperties) = preSolution
		HideSolutionNode = FALSE
	EndGlobalSection
	GlobalSection(ExtensibilityGlobals) = postSolution
		SolutionGuid = {9DAE9526-C1A8-4FFE-8EFF-0CC7964FC74D}
	EndGlobalSection
EndGlobal
